
Microsoft Visual Studio Solution File, Format Version 12.00
# Visual Studio 2012
Project("{FAE04EC0-301F-11D3-BF4B-00C04F79EFBC}") = "(Server) chiruclan.de Cessenger", "(Server) chiruclan.de Cessenger\(Server) chiruclan.de Cessenger.csproj", "{BF25F384-EB26-4BAA-B902-47E5F189C865}"
EndProject
Global
	GlobalSection(SolutionConfigurationPlatforms) = preSolution
		Debug|Any CPU = Debug|Any CPU
		Release|Any CPU = Release|Any CPU
	EndGlobalSection
	GlobalSection(ProjectConfigurationPlatforms) = postSolution
		{BF25F384-EB26-4BAA-B902-47E5F189C865}.Debug|Any CPU.ActiveCfg = Debug|Any CPU
		{BF25F384-EB26-4BAA-B902-47E5F189C865}.Debug|Any CPU.Build.0 = Debug|Any CPU
		{BF25F384-EB26-4BAA-B902-47E5F189C865}.Release|Any CPU.ActiveCfg = Release|Any CPU
		{BF25F384-EB26-4BAA-B902-47E5F189C865}.Release|Any CPU.Build.0 = Release|Any CPU
	EndGlobalSection
	GlobalSection(SolutionProperties) = preSolution
		HideSolutionNode = FALSE
	EndGlobalSection
	GlobalSection(ExtensibilityGlobals) = postSolution
		BuildVersion_UseUniversalClock = True
		BuildVersion_ConfigurationName = Release
		BuildVersion_AssemblyInfoFilename = (Server) chiruclan.de Cessenger\Properties\AssemblyInfo.cs
		BuildVersion_StartDate = 2013/10/25
		BuildVersion_BuildAction = ReBuild
		BuildVersion_UpdateFileVersion = True
		BuildVersion_UpdateAssemblyVersion = True
		BuildVersion_BuildVersioningStyle = Increment.None.DeltaBaseDateInDays.Increment
	EndGlobalSection
EndGlobal
